{
  "requires": true,
  "lockfileVersion": 1,
  "dependencies": {
    "react-native-purchases": {
      "version": "2.4.1",
      "resolved": "https://registry.npmjs.org/react-native-purchases/-/react-native-purchases-2.4.1.tgz",
      "integrity": "sha512-2ojPADE1eT6RK2AuDtR16u1O8F/QzoYqgGgz+FYNKjepMNljfHiNPlCWh+IKvxonU54qr14Qv7Uk47cU+oRh6Q=="
    }
  }
}
